{
  "object": {
    "pins": [
      {
        "package": "Lottie",
        "repositoryURL": "https://github.com/airbnb/lottie-ios",
        "state": {
          "branch": "master",
          "revision": "822d6b4c0c5948988a919a10eabddeececd2b7e4",
          "version": null
        }
      }
    ]
  },
  "version": 1
}
